// !$*UTF8*$!
{
	archiveVersion = 1;
	classes = {
	};
	objectVersion = 46;
	objects = {

/* Begin PBXBuildFile section */
		42D49DC41E50C79C0096A416 /* main.cpp in Sources */ = {isa = PBXBuildFile; fileRef = 42D49DC31E50C79C0096A416 /* main.cpp */; };
		42D49DCC1E50C7B00096A416 /* SDL2.framework in Frameworks */ = {isa = PBXBuildFile; fileRef = 42D49DCB1E50C7B00096A416 /* SDL2.framework */; };
		42D49DCE1E50C7E50096A416 /* SDL2_image.framework in Frameworks */ = {isa = PBXBuildFile; fileRef = 42D49DCD1E50C7E50096A416 /* SDL2_image.framework */; };
/* End PBXBuildFile section */

/* Begin PBXCopyFilesBuildPhase section */
		42D49DBE1E50C79B0096A416 /* CopyFiles */ = {
			isa = PBXCopyFilesBuildPhase;
			buildActionMask = 2147483647;
			dstPath = /usr/share/man/man1/;
			dstSubfolderSpec = 0;
			files = (
			);
			runOnlyForDeploymentPostprocessing = 1;
		};
/* End PBXCopyFilesBuildPhase section */

/* Begin PBXFileReference section */
		42D49DC01E50C79C0096A416 /* MusicShooter */ = {isa = PBXFileReference; explicitFileType = "compiled.mach-o.executable"; includeInIndex = 0; path = MusicShooter; sourceTree = BUILT_PRODUCTS_DIR; };
		42D49DC31E50C79C0096A416 /* main.cpp */ = {isa = PBXFileReference; lastKnownFileType = sourcecode.cpp.cpp; path = main.cpp; sourceTree = "<group>"; };
		42D49DCB1E50C7B00096A416 /* SDL2.framework */ = {isa = PBXFileReference; lastKnownFileType = wrapper.framework; name = SDL2.framework; path = ../../../../../Library/Frameworks/SDL2.framework; sourceTree = "<group>"; };
		42D49DCD1E50C7E50096A416 /* SDL2_image.framework */ = {isa = PBXFileReference; lastKnownFileType = wrapper.framework; name = SDL2_image.framework; path = ../../../../../Library/Frameworks/SDL2_image.framework; sourceTree = "<group>"; };
		42DE931E1E577921001BF0C6 /* libSDL2_gfx.a */ = {isa = PBXFileReference; lastKnownFileType = archive.ar; name = libSDL2_gfx.a; path = ../../../../../../../usr/local/lib/libSDL2_gfx.a; sourceTree = "<group>"; };
/* End PBXFileReference section */

/* Begin PBXFrameworksBuildPhase section */
		42D49DBD1E50C79B0096A416 /* Frameworks */ = {
			isa = PBXFrameworksBuildPhase;
			buildActionMask = 2147483647;
			files = (
				42D49DCE1E50C7E50096A416 /* SDL2_image.framework in Frameworks */,
				42D49DCC1E50C7B00096A416 /* SDL2.framework in Frameworks */,
			);
			runOnlyForDeploymentPostprocessing = 0;
		};
/* End PBXFrameworksBuildPhase section */

/* Begin PBXGroup section */
		42D49DB71E50C79B0096A416 = {
			isa = PBXGroup;
			children = (
				42D49DC21E50C79C0096A416 /* MusicShooter */,
				42D49DC11E50C79C0096A416 /* Products */,
				42D49DCA1E50C7B00096A416 /* Frameworks */,
			);
			sourceTree = "<group>";
		};
		42D49DC11E50C79C0096A416 /* Products */ = {
			isa = PBXGroup;
			children = (
				42D49DC01E50C79C0096A416 /* MusicShooter */,
			);
			name = Products;
			sourceTree = "<group>";
		};
		42D49DC21E50C79C0096A416 /* MusicShooter */ = {
			isa = PBXGroup;
			children = (
				42D49DC31E50C79C0096A416 /* main.cpp */,
			);
			path = MusicShooter;
			sourceTree = "<group>";
		};
		42D49DCA1E50C7B00096A416 /* Frameworks */ = {
			isa = PBXGroup;
			children = (
				42DE931E1E577921001BF0C6 /* libSDL2_gfx.a */,
				42D49DCD1E50C7E50096A416 /* SDL2_image.framework */,
				42D49DCB1E50C7B00096A416 /* SDL2.framework */,
			);
			name = Frameworks;
			sourceTree = "<group>";
		};
/* End PBXGroup section */

/* Begin PBXNativeTarget section */
		42D49DBF1E50C79B0096A416 /* MusicShooter */ = {
			isa = PBXNativeTarget;
			buildConfigurationList = 42D49DC71E50C79C0096A416 /* Build configuration list for PBXNativeTarget "MusicShooter" */;
			buildPhases = (
				42D49DBC1E50C79B0096A416 /* Sources */,
				42D49DBD1E50C79B0096A416 /* Frameworks */,
				42D49DBE1E50C79B0096A416 /* CopyFiles */,
			);
			buildRules = (
			);
			dependencies = (
			);
			name = MusicShooter;
			productName = MusicShooter;
			productReference = 42D49DC01E50C79C0096A416 /* MusicShooter */;
			productType = "com.apple.product-type.tool";
		};
/* End PBXNativeTarget section */

/* Begin PBXProject section */
		42D49DB81E50C79B0096A416 /* Project object */ = {
			isa = PBXProject;
			attributes = {
				LastUpgradeCheck = 0820;
				ORGANIZATIONNAME = "Mohsin Yusuf";
				TargetAttributes = {
					42D49DBF1E50C79B0096A416 = {
						CreatedOnToolsVersion = 8.2.1;
						ProvisioningStyle = Automatic;
					};
				};
			};
			buildConfigurationList = 42D49DBB1E50C79B0096A416 /* Build configuration list for PBXProject "MusicShooter" */;
			compatibilityVersion = "Xcode 3.2";
			developmentRegion = English;
			hasScannedForEncodings = 0;
			knownRegions = (
				en,
			);
			mainGroup = 42D49DB71E50C79B0096A416;
			productRefGroup = 42D49DC11E50C79C0096A416 /* Products */;
			projectDirPath = "";
			projectRoot = "";
			targets = (
				42D49DBF1E50C79B0096A416 /* MusicShooter */,
			);
		};
/* End PBXProject section */

/* Begin PBXSourcesBuildPhase section */
		42D49DBC1E50C79B0096A416 /* Sources */ = {
			isa = PBXSourcesBuildPhase;
			buildActionMask = 2147483647;
			files = (
				42D49DC41E50C79C0096A416 /* main.cpp in Sources */,
			);
			runOnlyForDeploymentPostprocessing = 0;
		};
/* End PBXSourcesBuildPhase section */

/* Begin XCBuildConfiguration section */
		42D49DC51E50C79C0096A416 /* Debug */ = {
			isa = XCBuildConfiguration;
			buildSettings = {
				ALWAYS_SEARCH_USER_PATHS = NO;
				CLANG_ANALYZER_NONNULL = YES;
				CLANG_CXX_LANGUAGE_STANDARD = "gnu++0x";
				CLANG_CXX_LIBRARY = "libc++";
				CLANG_ENABLE_MODULES = YES;
				CLANG_ENABLE_OBJC_ARC = YES;
				CLANG_WARN_BOOL_CONVERSION = YES;
				CLANG_WARN_CONSTANT_CONVERSION = YES;
				CLANG_WARN_DIRECT_OBJC_ISA_USAGE = YES_ERROR;
				CLANG_WARN_DOCUMENTATION_COMMENTS = YES;
				CLANG_WARN_EMPTY_BODY = YES;
				CLANG_WARN_ENUM_CONVERSION = YES;
				CLANG_WARN_INFINITE_RECURSION = YES;
				CLANG_WARN_INT_CONVERSION = YES;
				CLANG_WARN_OBJC_ROOT_CLASS = YES_ERROR;
				CLANG_WARN_SUSPICIOUS_MOVE = YES;
				CLANG_WARN_UNREACHABLE_CODE = YES;
				CLANG_WARN__DUPLICATE_METHOD_MATCH = YES;
				CODE_SIGN_IDENTITY = "-";
				COPY_PHASE_STRIP = NO;
				DEBUG_INFORMATION_FORMAT = dwarf;
				ENABLE_STRICT_OBJC_MSGSEND = YES;
				ENABLE_TESTABILITY = YES;
				GCC_C_LANGUAGE_STANDARD = gnu99;
				GCC_DYNAMIC_NO_PIC = NO;
				GCC_NO_COMMON_BLOCKS = YES;
				GCC_OPTIMIZATION_LEVEL = 0;
				GCC_PREPROCESSOR_DEFINITIONS = (
					"DEBUG=1",
					"$(inherited)",
				);
				GCC_WARN_64_TO_32_BIT_CONVERSION = YES;
				GCC_WARN_ABOUT_RETURN_TYPE = YES_ERROR;
				GCC_WARN_UNDECLARED_SELECTOR = YES;
				GCC_WARN_UNINITIALIZED_AUTOS = YES_AGGRESSIVE;
				GCC_WARN_UNUSED_FUNCTION = YES;
				GCC_WARN_UNUSED_VARIABLE = YES;
				MACOSX_DEPLOYMENT_TARGET = 10.11;
				MTL_ENABLE_DEBUG_INFO = YES;
				ONLY_ACTIVE_ARCH = YES;
				SDKROOT = macosx;
			};
			name = Debug;
		};
		42D49DC61E50C79C0096A416 /* Release */ = {
			isa = XCBuildConfiguration;
			buildSettings = {
				ALWAYS_SEARCH_USER_PATHS = NO;
				CLANG_ANALYZER_NONNULL = YES;
				CLANG_CXX_LANGUAGE_STANDARD = "gnu++0x";
				CLANG_CXX_LIBRARY = "libc++";
				CLANG_ENABLE_MODULES = YES;
				CLANG_ENABLE_OBJC_ARC = YES;
				CLANG_WARN_BOOL_CONVERSION = YES;
				CLANG_WARN_CONSTANT_CONVERSION = YES;
				CLANG_WARN_DIRECT_OBJC_ISA_USAGE = YES_ERROR;
				CLANG_WARN_DOCUMENTATION_COMMENTS = YES;
				CLANG_WARN_EMPTY_BODY = YES;
				CLANG_WARN_ENUM_CONVERSION = YES;
				CLANG_WARN_INFINITE_RECURSION = YES;
				CLANG_WARN_INT_CONVERSION = YES;
				CLANG_WARN_OBJC_ROOT_CLASS = YES_ERROR;
				CLANG_WARN_SUSPICIOUS_MOVE = YES;
				CLANG_WARN_UNREACHABLE_CODE = YES;
				CLANG_WARN__DUPLICATE_METHOD_MATCH = YES;
				CODE_SIGN_IDENTITY = "-";
				COPY_PHASE_STRIP = NO;
				DEBUG_INFORMATION_FORMAT = "dwarf-with-dsym";
				ENABLE_NS_ASSERTIONS = NO;
				ENABLE_STRICT_OBJC_MSGSEND = YES;
				GCC_C_LANGUAGE_STANDARD = gnu99;
				GCC_NO_COMMON_BLOCKS = YES;
				GCC_WARN_64_TO_32_BIT_CONVERSION = YES;
				GCC_WARN_ABOUT_RETURN_TYPE = YES_ERROR;
				GCC_WARN_UNDECLARED_SELECTOR = YES;
				GCC_WARN_UNINITIALIZED_AUTOS = YES_AGGRESSIVE;
				GCC_WARN_UNUSED_FUNCTION = YES;
				GCC_WARN_UNUSED_VARIABLE = YES;
				MACOSX_DEPLOYMENT_TARGET = 10.11;
				MTL_ENABLE_DEBUG_INFO = NO;
				SDKROOT = macosx;
			};
			name = Release;
		};
		42D49DC81E50C79C0096A416 /* Debug */ = {
			isa = XCBuildConfiguration;
			buildSettings = {
				FRAMEWORK_SEARCH_PATHS = (
					"$(inherited)",
					"$(LOCAL_LIBRARY_DIR)/Frameworks",
				);
				PRODUCT_NAME = "$(TARGET_NAME)";
			};
			name = Debug;
		};
		42D49DC91E50C79C0096A416 /* Release */ = {
			isa = XCBuildConfiguration;
			buildSettings = {
				FRAMEWORK_SEARCH_PATHS = (
					"$(inherited)",
					"$(LOCAL_LIBRARY_DIR)/Frameworks",
				);
				PRODUCT_NAME = "$(TARGET_NAME)";
			};
			name = Release;
		};
/* End XCBuildConfiguration section */

/* Begin XCConfigurationList section */
		42D49DBB1E50C79B0096A416 /* Build configuration list for PBXProject "MusicShooter" */ = {
			isa = XCConfigurationList;
			buildConfigurations = (
				42D49DC51E50C79C0096A416 /* Debug */,
				42D49DC61E50C79C0096A416 /* Release */,
			);
			defaultConfigurationIsVisible = 0;
			defaultConfigurationName = Release;
		};
		42D49DC71E50C79C0096A416 /* Build configuration list for PBXNativeTarget "MusicShooter" */ = {
			isa = XCConfigurationList;
			buildConfigurations = (
				42D49DC81E50C79C0096A416 /* Debug */,
				42D49DC91E50C79C0096A416 /* Release */,
			);
			defaultConfigurationIsVisible = 0;
			defaultConfigurationName = Release;
		};
/* End XCConfigurationList section */
	};
	rootObject = 42D49DB81E50C79B0096A416 /* Project object */;
}
